{
  "version": 4,
  "terraform_version": "1.5.5",
  "serial": 23,
  "lineage": "e3559537-0180-9601-163e-6c19ef7dda7f",
  "outputs": {},
  "resources": [
    {
      "mode": "data",
      "type": "yandex_compute_image",
      "name": "backend",
      "provider": "provider[\"registry.terraform.io/yandex-cloud/yandex\"]",
      "instances": [
        {
          "schema_version": 0,
          "attributes": {
            "created_at": "2024-01-29T10:56:12Z",
            "description": "ubuntu 20.04 lts",
            "family": "ubuntu-2004-lts",
            "folder_id": "standard-images",
            "id": "fd82qs98ootbak6lkmmj",
            "image_id": "fd82qs98ootbak6lkmmj",
            "labels": {},
            "min_disk_size": 5,
            "name": "ubuntu-20-04-lts-v20240129",
            "os_type": "linux",
            "pooled": true,
            "product_ids": [
              "f2e1jq0krcmmvs492sqs"
            ],
            "size": 4,
            "status": "ready"
          },
          "sensitive_attributes": []
        }
      ]
    },
    {
      "mode": "data",
      "type": "yandex_compute_image",
      "name": "storage",
      "provider": "provider[\"registry.terraform.io/yandex-cloud/yandex\"]",
      "instances": [
        {
          "schema_version": 0,
          "attributes": {
            "created_at": "2024-01-29T10:56:12Z",
            "description": "ubuntu 20.04 lts",
            "family": "ubuntu-2004-lts",
            "folder_id": "standard-images",
            "id": "fd82qs98ootbak6lkmmj",
            "image_id": "fd82qs98ootbak6lkmmj",
            "labels": {},
            "min_disk_size": 5,
            "name": "ubuntu-20-04-lts-v20240129",
            "os_type": "linux",
            "pooled": true,
            "product_ids": [
              "f2e1jq0krcmmvs492sqs"
            ],
            "size": 4,
            "status": "ready"
          },
          "sensitive_attributes": []
        }
      ]
    },
    {
      "mode": "data",
      "type": "yandex_compute_image",
      "name": "web",
      "provider": "provider[\"registry.terraform.io/yandex-cloud/yandex\"]",
      "instances": [
        {
          "schema_version": 0,
          "attributes": {
            "created_at": "2024-01-29T10:56:12Z",
            "description": "ubuntu 20.04 lts",
            "family": "ubuntu-2004-lts",
            "folder_id": "standard-images",
            "id": "fd82qs98ootbak6lkmmj",
            "image_id": "fd82qs98ootbak6lkmmj",
            "labels": {},
            "min_disk_size": 5,
            "name": "ubuntu-20-04-lts-v20240129",
            "os_type": "linux",
            "pooled": true,
            "product_ids": [
              "f2e1jq0krcmmvs492sqs"
            ],
            "size": 4,
            "status": "ready"
          },
          "sensitive_attributes": []
        }
      ]
    },
    {
      "mode": "managed",
      "type": "local_file",
      "name": "inventory",
      "provider": "provider[\"registry.terraform.io/hashicorp/local\"]",
      "instances": [
        {
          "schema_version": 0,
          "attributes": {
            "content": "[webservers]\nweb-1   ansible_host=62.84.126.91\nweb-2   ansible_host=51.250.64.139\n\n[databases]\nmain   ansible_host=51.250.65.24\nreplica   ansible_host=84.201.157.218\n\n[storage]\nstorage   ansible_host=10.0.1.23\n",
            "content_base64": null,
            "content_base64sha256": "HnyEfJe+BQMDcUhbUg7b+aSOjx1DNP8NDE81UvCpp+g=",
            "content_base64sha512": "pZvC3wx29dodmYrlnrrk4npRY/g1TZ4uXEY+z8gz251YSbpGI6YUUrEGiBhycAcI/Su1r90uLt76g2SGvSqBrQ==",
            "content_md5": "b30f43cd1e312484060bdfe13d45527d",
            "content_sha1": "964fbf8907d792876d7de156238532d3b2eadc6e",
            "content_sha256": "1e7c847c97be05030371485b520edbf9a48e8f1d4334ff0d0c4f3552f0a9a7e8",
            "content_sha512": "a59bc2df0c76f5da1d998ae59ebae4e27a5163f8354d9e2e5c463ecfc833db9d5849ba4623a61452b106881872700708fd2bb5afdd2e2edefa836486bd2a81ad",
            "directory_permission": "0777",
            "file_permission": "0777",
            "filename": "/home/stitsyuk/ter2/ter-homeworks-main/03/src/hosts.cfg",
            "id": "964fbf8907d792876d7de156238532d3b2eadc6e",
            "sensitive_content": null,
            "source": null
          },
          "sensitive_attributes": [],
          "dependencies": [
            "data.yandex_compute_image.backend",
            "data.yandex_compute_image.storage",
            "data.yandex_compute_image.web",
            "yandex_compute_disk.storage_disks",
            "yandex_compute_instance.backend",
            "yandex_compute_instance.storage",
            "yandex_compute_instance.web",
            "yandex_vpc_network.develop",
            "yandex_vpc_security_group.example",
            "yandex_vpc_subnet.develop"
          ]
        }
      ]
    },
    {
      "mode": "managed",
      "type": "null_resource",
      "name": "provision_web",
      "provider": "provider[\"registry.terraform.io/hashicorp/null\"]",
      "instances": [
        {
          "status": "tainted",
          "schema_version": 0,
          "attributes": {
            "id": "6390162083030933789",
            "triggers": {
              "always_run": "2024-02-04T20:47:22Z",
              "playbook_src_hash": "---\n- name: Install NGINX (with wait for 22)\n  gather_facts: false\n  hosts: webservers\n  vars:\n    ansible_user: ubuntu\n  become: true\n  tasks:\n    - name: Wait 60 seconds for port 22 to become open and contain \"OpenSSH\"\n      ansible.builtin.wait_for:\n        port: 22\n        host: '{{ (ansible_ssh_host|default(ansible_host))|default(inventory_hostname) }}'\n        search_regex: OpenSSH\n        delay: 60\n      connection: local\n      become: false\n\n    - name: Install Nginx Web Server on Debian Family\n      become: true\n      ansible.builtin.apt:\n        name: nginx\n        state: latest\n        update_cache: yes",
              "ssh_public_key": "ssh-rsa AAAAB3NzaC1yc2EAAAADAQABAAABgQCpIt0Z8AJhoxQoE3nz/+KnV7lIvO4XIhB7hWSot/Dyv919+dKTfmW95rlp29A8L6EpW3JzvrjyqxU7gtlPnK7hwRc2Q6I2QUBzaLUaxlBreLwHu1Moz7zO5erVolKI7QR6OOa22BjKHkGD1zvHywac4lztwsP4Rx1CJsuhYTiAhvxjgW2R5FgStydiL/z2kokO++cJAtg7Ip/P1S/hwUv9tHOMg0GTSfqIV7SGpsabLreAMoVFY4uy2IwVGPWS/fUCE7WZUDPUEVeLY1Q/4c2GsCycv+2eorxR0OU43aOlLqDEZg63SX6vWH4Yu3OMR/+c1WA+dcQQIMbYdK96z11MPg9KhsKjiitHIvA5Lbc5xxYi9foAVRGnclgjBzD0KhkhVNn4wFmERYbJMsb/eoUMF3o6cFL3bd7L+NEx7Q2ms5PMfFAAu5sTU6miT8XKX3bc8JkW7HZb5r9m8HMSD0GAxuyYxUf/aLEWpPTLbKEE86bHru5/ubtEvBCLPOJ9KV0= stitsyuk@vm2\n"
            }
          },
          "sensitive_attributes": [],
          "dependencies": [
            "local_file.inventory",
            "yandex_compute_instance.web"
          ]
        }
      ]
    },
    {
      "mode": "managed",
      "type": "yandex_compute_disk",
      "name": "storage_disks",
      "provider": "provider[\"registry.terraform.io/yandex-cloud/yandex\"]",
      "instances": [
        {
          "index_key": 0,
          "schema_version": 0,
          "attributes": {
            "allow_recreate": null,
            "block_size": 4096,
            "created_at": "2024-02-04T20:08:15Z",
            "description": "",
            "disk_placement_policy": [
              {
                "disk_placement_group_id": ""
              }
            ],
            "folder_id": "b1gfs13q5qak7jlkueuf",
            "id": "fhmfp9b9j2hf4ap3imnm",
            "image_id": "",
            "labels": {},
            "name": "disk-0",
            "product_ids": [],
            "size": 1,
            "snapshot_id": "",
            "status": "ready",
            "timeouts": null,
            "type": "network-hdd",
            "zone": "ru-central1-a"
          },
          "sensitive_attributes": [],
          "private": "eyJlMmJmYjczMC1lY2FhLTExZTYtOGY4OC0zNDM2M2JjN2M0YzAiOnsiY3JlYXRlIjozMDAwMDAwMDAwMDAsImRlbGV0ZSI6MzAwMDAwMDAwMDAwLCJ1cGRhdGUiOjMwMDAwMDAwMDAwMH19"
        },
        {
          "index_key": 1,
          "schema_version": 0,
          "attributes": {
            "allow_recreate": null,
            "block_size": 4096,
            "created_at": "2024-02-04T20:08:15Z",
            "description": "",
            "disk_placement_policy": [
              {
                "disk_placement_group_id": ""
              }
            ],
            "folder_id": "b1gfs13q5qak7jlkueuf",
            "id": "fhmbglj5gpo99dqf7f0c",
            "image_id": "",
            "labels": {},
            "name": "disk-1",
            "product_ids": [],
            "size": 1,
            "snapshot_id": "",
            "status": "ready",
            "timeouts": null,
            "type": "network-hdd",
            "zone": "ru-central1-a"
          },
          "sensitive_attributes": [],
          "private": "eyJlMmJmYjczMC1lY2FhLTExZTYtOGY4OC0zNDM2M2JjN2M0YzAiOnsiY3JlYXRlIjozMDAwMDAwMDAwMDAsImRlbGV0ZSI6MzAwMDAwMDAwMDAwLCJ1cGRhdGUiOjMwMDAwMDAwMDAwMH19"
        },
        {
          "index_key": 2,
          "schema_version": 0,
          "attributes": {
            "allow_recreate": null,
            "block_size": 4096,
            "created_at": "2024-02-04T20:08:15Z",
            "description": "",
            "disk_placement_policy": [
              {
                "disk_placement_group_id": ""
              }
            ],
            "folder_id": "b1gfs13q5qak7jlkueuf",
            "id": "fhmd97fe4o2mbrcnohg7",
            "image_id": "",
            "labels": {},
            "name": "disk-2",
            "product_ids": [],
            "size": 1,
            "snapshot_id": "",
            "status": "ready",
            "timeouts": null,
            "type": "network-hdd",
            "zone": "ru-central1-a"
          },
          "sensitive_attributes": [],
          "private": "eyJlMmJmYjczMC1lY2FhLTExZTYtOGY4OC0zNDM2M2JjN2M0YzAiOnsiY3JlYXRlIjozMDAwMDAwMDAwMDAsImRlbGV0ZSI6MzAwMDAwMDAwMDAwLCJ1cGRhdGUiOjMwMDAwMDAwMDAwMH19"
        }
      ]
    },
    {
      "mode": "managed",
      "type": "yandex_compute_instance",
      "name": "backend",
      "provider": "provider[\"registry.terraform.io/yandex-cloud/yandex\"]",
      "instances": [
        {
          "index_key": "main",
          "schema_version": 1,
          "attributes": {
            "allow_recreate": null,
            "allow_stopping_for_update": null,
            "boot_disk": [
              {
                "auto_delete": true,
                "device_name": "fhmfirjdvjhlgaqoji77",
                "disk_id": "fhmfirjdvjhlgaqoji77",
                "initialize_params": [
                  {
                    "block_size": 4096,
                    "description": "",
                    "image_id": "fd82qs98ootbak6lkmmj",
                    "name": "",
                    "size": 5,
                    "snapshot_id": "",
                    "type": "network-hdd"
                  }
                ],
                "mode": "READ_WRITE"
              }
            ],
            "created_at": "2024-02-04T19:29:51Z",
            "description": "",
            "filesystem": [],
            "folder_id": "b1gfs13q5qak7jlkueuf",
            "fqdn": "fhm6riachf32fiejahh5.auto.internal",
            "gpu_cluster_id": "",
            "hostname": "",
            "id": "fhm6riachf32fiejahh5",
            "labels": {},
            "local_disk": [],
            "maintenance_grace_period": "",
            "maintenance_policy": null,
            "metadata": {
              "serial-port-enable": "1",
              "ssh-keys": "ubuntu:ssh-rsa AAAAB3NzaC1yc2EAAAADAQABAAABgQCpIt0Z8AJhoxQoE3nz/+KnV7lIvO4XIhB7hWSot/Dyv919+dKTfmW95rlp29A8L6EpW3JzvrjyqxU7gtlPnK7hwRc2Q6I2QUBzaLUaxlBreLwHu1Moz7zO5erVolKI7QR6OOa22BjKHkGD1zvHywac4lztwsP4Rx1CJsuhYTiAhvxjgW2R5FgStydiL/z2kokO++cJAtg7Ip/P1S/hwUv9tHOMg0GTSfqIV7SGpsabLreAMoVFY4uy2IwVGPWS/fUCE7WZUDPUEVeLY1Q/4c2GsCycv+2eorxR0OU43aOlLqDEZg63SX6vWH4Yu3OMR/+c1WA+dcQQIMbYdK96z11MPg9KhsKjiitHIvA5Lbc5xxYi9foAVRGnclgjBzD0KhkhVNn4wFmERYbJMsb/eoUMF3o6cFL3bd7L+NEx7Q2ms5PMfFAAu5sTU6miT8XKX3bc8JkW7HZb5r9m8HMSD0GAxuyYxUf/aLEWpPTLbKEE86bHru5/ubtEvBCLPOJ9KV0= stitsyuk@vm2\n"
            },
            "metadata_options": [
              {
                "aws_v1_http_endpoint": 1,
                "aws_v1_http_token": 2,
                "gce_http_endpoint": 1,
                "gce_http_token": 1
              }
            ],
            "name": "main",
            "network_acceleration_type": "standard",
            "network_interface": [
              {
                "dns_record": [],
                "index": 0,
                "ip_address": "10.0.1.24",
                "ipv4": true,
                "ipv6": false,
                "ipv6_address": "",
                "ipv6_dns_record": [],
                "mac_address": "d0:0d:6d:c9:4c:8b",
                "nat": true,
                "nat_dns_record": [],
                "nat_ip_address": "51.250.65.24",
                "nat_ip_version": "IPV4",
                "security_group_ids": [
                  "enp40grelsma4hbiidem"
                ],
                "subnet_id": "e9b9sqjpi6nker2qnocv"
              }
            ],
            "placement_policy": [
              {
                "host_affinity_rules": [],
                "placement_group_id": "",
                "placement_group_partition": 0
              }
            ],
            "platform_id": "standard-v1",
            "resources": [
              {
                "core_fraction": 20,
                "cores": 4,
                "gpus": 0,
                "memory": 4
              }
            ],
            "scheduling_policy": [
              {
                "preemptible": false
              }
            ],
            "secondary_disk": [],
            "service_account_id": "",
            "status": "running",
            "timeouts": null,
            "zone": "ru-central1-a"
          },
          "sensitive_attributes": [],
          "private": "eyJlMmJmYjczMC1lY2FhLTExZTYtOGY4OC0zNDM2M2JjN2M0YzAiOnsiY3JlYXRlIjozMDAwMDAwMDAwMDAsImRlbGV0ZSI6MzAwMDAwMDAwMDAwLCJ1cGRhdGUiOjMwMDAwMDAwMDAwMH0sInNjaGVtYV92ZXJzaW9uIjoiMSJ9",
          "dependencies": [
            "data.yandex_compute_image.backend",
            "data.yandex_compute_image.web",
            "yandex_compute_instance.web",
            "yandex_vpc_network.develop",
            "yandex_vpc_security_group.example",
            "yandex_vpc_subnet.develop"
          ]
        },
        {
          "index_key": "replica",
          "schema_version": 1,
          "attributes": {
            "allow_recreate": null,
            "allow_stopping_for_update": null,
            "boot_disk": [
              {
                "auto_delete": true,
                "device_name": "fhmokadcrgv8j0jlfs16",
                "disk_id": "fhmokadcrgv8j0jlfs16",
                "initialize_params": [
                  {
                    "block_size": 4096,
                    "description": "",
                    "image_id": "fd82qs98ootbak6lkmmj",
                    "name": "",
                    "size": 5,
                    "snapshot_id": "",
                    "type": "network-hdd"
                  }
                ],
                "mode": "READ_WRITE"
              }
            ],
            "created_at": "2024-02-04T19:29:51Z",
            "description": "",
            "filesystem": [],
            "folder_id": "b1gfs13q5qak7jlkueuf",
            "fqdn": "fhmactruj4t30ft9tgi9.auto.internal",
            "gpu_cluster_id": "",
            "hostname": "",
            "id": "fhmactruj4t30ft9tgi9",
            "labels": {},
            "local_disk": [],
            "maintenance_grace_period": "",
            "maintenance_policy": null,
            "metadata": {
              "serial-port-enable": "1",
              "ssh-keys": "ubuntu:ssh-rsa AAAAB3NzaC1yc2EAAAADAQABAAABgQCpIt0Z8AJhoxQoE3nz/+KnV7lIvO4XIhB7hWSot/Dyv919+dKTfmW95rlp29A8L6EpW3JzvrjyqxU7gtlPnK7hwRc2Q6I2QUBzaLUaxlBreLwHu1Moz7zO5erVolKI7QR6OOa22BjKHkGD1zvHywac4lztwsP4Rx1CJsuhYTiAhvxjgW2R5FgStydiL/z2kokO++cJAtg7Ip/P1S/hwUv9tHOMg0GTSfqIV7SGpsabLreAMoVFY4uy2IwVGPWS/fUCE7WZUDPUEVeLY1Q/4c2GsCycv+2eorxR0OU43aOlLqDEZg63SX6vWH4Yu3OMR/+c1WA+dcQQIMbYdK96z11MPg9KhsKjiitHIvA5Lbc5xxYi9foAVRGnclgjBzD0KhkhVNn4wFmERYbJMsb/eoUMF3o6cFL3bd7L+NEx7Q2ms5PMfFAAu5sTU6miT8XKX3bc8JkW7HZb5r9m8HMSD0GAxuyYxUf/aLEWpPTLbKEE86bHru5/ubtEvBCLPOJ9KV0= stitsyuk@vm2\n"
            },
            "metadata_options": [
              {
                "aws_v1_http_endpoint": 1,
                "aws_v1_http_token": 2,
                "gce_http_endpoint": 1,
                "gce_http_token": 1
              }
            ],
            "name": "replica",
            "network_acceleration_type": "standard",
            "network_interface": [
              {
                "dns_record": [],
                "index": 0,
                "ip_address": "10.0.1.21",
                "ipv4": true,
                "ipv6": false,
                "ipv6_address": "",
                "ipv6_dns_record": [],
                "mac_address": "d0:0d:a6:77:7e:99",
                "nat": true,
                "nat_dns_record": [],
                "nat_ip_address": "84.201.157.218",
                "nat_ip_version": "IPV4",
                "security_group_ids": [
                  "enp40grelsma4hbiidem"
                ],
                "subnet_id": "e9b9sqjpi6nker2qnocv"
              }
            ],
            "placement_policy": [
              {
                "host_affinity_rules": [],
                "placement_group_id": "",
                "placement_group_partition": 0
              }
            ],
            "platform_id": "standard-v1",
            "resources": [
              {
                "core_fraction": 5,
                "cores": 2,
                "gpus": 0,
                "memory": 1
              }
            ],
            "scheduling_policy": [
              {
                "preemptible": true
              }
            ],
            "secondary_disk": [],
            "service_account_id": "",
            "status": "running",
            "timeouts": null,
            "zone": "ru-central1-a"
          },
          "sensitive_attributes": [],
          "private": "eyJlMmJmYjczMC1lY2FhLTExZTYtOGY4OC0zNDM2M2JjN2M0YzAiOnsiY3JlYXRlIjozMDAwMDAwMDAwMDAsImRlbGV0ZSI6MzAwMDAwMDAwMDAwLCJ1cGRhdGUiOjMwMDAwMDAwMDAwMH0sInNjaGVtYV92ZXJzaW9uIjoiMSJ9",
          "dependencies": [
            "data.yandex_compute_image.backend",
            "data.yandex_compute_image.web",
            "yandex_compute_instance.web",
            "yandex_vpc_network.develop",
            "yandex_vpc_security_group.example",
            "yandex_vpc_subnet.develop"
          ]
        }
      ]
    },
    {
      "mode": "managed",
      "type": "yandex_compute_instance",
      "name": "storage",
      "provider": "provider[\"registry.terraform.io/yandex-cloud/yandex\"]",
      "instances": [
        {
          "schema_version": 1,
          "attributes": {
            "allow_recreate": null,
            "allow_stopping_for_update": null,
            "boot_disk": [
              {
                "auto_delete": true,
                "device_name": "fhml8qrv3g69cruf25je",
                "disk_id": "fhml8qrv3g69cruf25je",
                "initialize_params": [
                  {
                    "block_size": 4096,
                    "description": "",
                    "image_id": "fd82qs98ootbak6lkmmj",
                    "name": "",
                    "size": 5,
                    "snapshot_id": "",
                    "type": "network-hdd"
                  }
                ],
                "mode": "READ_WRITE"
              }
            ],
            "created_at": "2024-02-04T20:08:28Z",
            "description": "",
            "filesystem": [],
            "folder_id": "b1gfs13q5qak7jlkueuf",
            "fqdn": "fhmnjo4finhht0k1253o.auto.internal",
            "gpu_cluster_id": "",
            "hostname": "",
            "id": "fhmnjo4finhht0k1253o",
            "labels": {},
            "local_disk": [],
            "maintenance_grace_period": "",
            "maintenance_policy": null,
            "metadata": {
              "serial-port-enable": "1",
              "ssh-keys": "ubuntu:ssh-rsa AAAAB3NzaC1yc2EAAAADAQABAAABgQCpIt0Z8AJhoxQoE3nz/+KnV7lIvO4XIhB7hWSot/Dyv919+dKTfmW95rlp29A8L6EpW3JzvrjyqxU7gtlPnK7hwRc2Q6I2QUBzaLUaxlBreLwHu1Moz7zO5erVolKI7QR6OOa22BjKHkGD1zvHywac4lztwsP4Rx1CJsuhYTiAhvxjgW2R5FgStydiL/z2kokO++cJAtg7Ip/P1S/hwUv9tHOMg0GTSfqIV7SGpsabLreAMoVFY4uy2IwVGPWS/fUCE7WZUDPUEVeLY1Q/4c2GsCycv+2eorxR0OU43aOlLqDEZg63SX6vWH4Yu3OMR/+c1WA+dcQQIMbYdK96z11MPg9KhsKjiitHIvA5Lbc5xxYi9foAVRGnclgjBzD0KhkhVNn4wFmERYbJMsb/eoUMF3o6cFL3bd7L+NEx7Q2ms5PMfFAAu5sTU6miT8XKX3bc8JkW7HZb5r9m8HMSD0GAxuyYxUf/aLEWpPTLbKEE86bHru5/ubtEvBCLPOJ9KV0= stitsyuk@vm2\n"
            },
            "metadata_options": [
              {
                "aws_v1_http_endpoint": 1,
                "aws_v1_http_token": 2,
                "gce_http_endpoint": 1,
                "gce_http_token": 1
              }
            ],
            "name": "storage",
            "network_acceleration_type": "standard",
            "network_interface": [
              {
                "dns_record": [],
                "index": 0,
                "ip_address": "10.0.1.23",
                "ipv4": true,
                "ipv6": false,
                "ipv6_address": "",
                "ipv6_dns_record": [],
                "mac_address": "d0:0d:17:9e:08:f9",
                "nat": false,
                "nat_dns_record": [],
                "nat_ip_address": "",
                "nat_ip_version": "",
                "security_group_ids": [
                  "enp40grelsma4hbiidem"
                ],
                "subnet_id": "e9b9sqjpi6nker2qnocv"
              }
            ],
            "placement_policy": [
              {
                "host_affinity_rules": [],
                "placement_group_id": "",
                "placement_group_partition": 0
              }
            ],
            "platform_id": "standard-v1",
            "resources": [
              {
                "core_fraction": 5,
                "cores": 2,
                "gpus": 0,
                "memory": 2
              }
            ],
            "scheduling_policy": [
              {
                "preemptible": false
              }
            ],
            "secondary_disk": [
              {
                "auto_delete": false,
                "device_name": "fhmfp9b9j2hf4ap3imnm",
                "disk_id": "fhmfp9b9j2hf4ap3imnm",
                "mode": "READ_WRITE"
              },
              {
                "auto_delete": false,
                "device_name": "fhmbglj5gpo99dqf7f0c",
                "disk_id": "fhmbglj5gpo99dqf7f0c",
                "mode": "READ_WRITE"
              },
              {
                "auto_delete": false,
                "device_name": "fhmd97fe4o2mbrcnohg7",
                "disk_id": "fhmd97fe4o2mbrcnohg7",
                "mode": "READ_WRITE"
              }
            ],
            "service_account_id": "",
            "status": "running",
            "timeouts": null,
            "zone": "ru-central1-a"
          },
          "sensitive_attributes": [],
          "private": "eyJlMmJmYjczMC1lY2FhLTExZTYtOGY4OC0zNDM2M2JjN2M0YzAiOnsiY3JlYXRlIjozMDAwMDAwMDAwMDAsImRlbGV0ZSI6MzAwMDAwMDAwMDAwLCJ1cGRhdGUiOjMwMDAwMDAwMDAwMH0sInNjaGVtYV92ZXJzaW9uIjoiMSJ9",
          "dependencies": [
            "data.yandex_compute_image.storage",
            "yandex_compute_disk.storage_disks",
            "yandex_vpc_network.develop",
            "yandex_vpc_security_group.example",
            "yandex_vpc_subnet.develop"
          ]
        }
      ]
    },
    {
      "mode": "managed",
      "type": "yandex_compute_instance",
      "name": "web",
      "provider": "provider[\"registry.terraform.io/yandex-cloud/yandex\"]",
      "instances": [
        {
          "index_key": 0,
          "schema_version": 1,
          "attributes": {
            "allow_recreate": null,
            "allow_stopping_for_update": null,
            "boot_disk": [
              {
                "auto_delete": true,
                "device_name": "fhmip1umkqulshoe6n4c",
                "disk_id": "fhmip1umkqulshoe6n4c",
                "initialize_params": [
                  {
                    "block_size": 4096,
                    "description": "",
                    "image_id": "fd82qs98ootbak6lkmmj",
                    "name": "",
                    "size": 5,
                    "snapshot_id": "",
                    "type": "network-hdd"
                  }
                ],
                "mode": "READ_WRITE"
              }
            ],
            "created_at": "2024-02-04T19:29:18Z",
            "description": "",
            "filesystem": [],
            "folder_id": "b1gfs13q5qak7jlkueuf",
            "fqdn": "fhmjm1jm2u0hverue6kv.auto.internal",
            "gpu_cluster_id": "",
            "hostname": "",
            "id": "fhmjm1jm2u0hverue6kv",
            "labels": {},
            "local_disk": [],
            "maintenance_grace_period": "",
            "maintenance_policy": null,
            "metadata": {
              "serial-port-enable": "1",
              "ssh-keys": "ubuntu:ssh-rsa AAAAB3NzaC1yc2EAAAADAQABAAABgQCpIt0Z8AJhoxQoE3nz/+KnV7lIvO4XIhB7hWSot/Dyv919+dKTfmW95rlp29A8L6EpW3JzvrjyqxU7gtlPnK7hwRc2Q6I2QUBzaLUaxlBreLwHu1Moz7zO5erVolKI7QR6OOa22BjKHkGD1zvHywac4lztwsP4Rx1CJsuhYTiAhvxjgW2R5FgStydiL/z2kokO++cJAtg7Ip/P1S/hwUv9tHOMg0GTSfqIV7SGpsabLreAMoVFY4uy2IwVGPWS/fUCE7WZUDPUEVeLY1Q/4c2GsCycv+2eorxR0OU43aOlLqDEZg63SX6vWH4Yu3OMR/+c1WA+dcQQIMbYdK96z11MPg9KhsKjiitHIvA5Lbc5xxYi9foAVRGnclgjBzD0KhkhVNn4wFmERYbJMsb/eoUMF3o6cFL3bd7L+NEx7Q2ms5PMfFAAu5sTU6miT8XKX3bc8JkW7HZb5r9m8HMSD0GAxuyYxUf/aLEWpPTLbKEE86bHru5/ubtEvBCLPOJ9KV0= stitsyuk@vm2\n"
            },
            "metadata_options": [
              {
                "aws_v1_http_endpoint": 1,
                "aws_v1_http_token": 2,
                "gce_http_endpoint": 1,
                "gce_http_token": 1
              }
            ],
            "name": "web-1",
            "network_acceleration_type": "standard",
            "network_interface": [
              {
                "dns_record": [],
                "index": 0,
                "ip_address": "10.0.1.31",
                "ipv4": true,
                "ipv6": false,
                "ipv6_address": "",
                "ipv6_dns_record": [],
                "mac_address": "d0:0d:13:b0:67:61",
                "nat": true,
                "nat_dns_record": [],
                "nat_ip_address": "62.84.126.91",
                "nat_ip_version": "IPV4",
                "security_group_ids": [
                  "enp40grelsma4hbiidem"
                ],
                "subnet_id": "e9b9sqjpi6nker2qnocv"
              }
            ],
            "placement_policy": [
              {
                "host_affinity_rules": [],
                "placement_group_id": "",
                "placement_group_partition": 0
              }
            ],
            "platform_id": "standard-v1",
            "resources": [
              {
                "core_fraction": 5,
                "cores": 2,
                "gpus": 0,
                "memory": 1
              }
            ],
            "scheduling_policy": [
              {
                "preemptible": true
              }
            ],
            "secondary_disk": [],
            "service_account_id": "",
            "status": "running",
            "timeouts": null,
            "zone": "ru-central1-a"
          },
          "sensitive_attributes": [],
          "private": "eyJlMmJmYjczMC1lY2FhLTExZTYtOGY4OC0zNDM2M2JjN2M0YzAiOnsiY3JlYXRlIjozMDAwMDAwMDAwMDAsImRlbGV0ZSI6MzAwMDAwMDAwMDAwLCJ1cGRhdGUiOjMwMDAwMDAwMDAwMH0sInNjaGVtYV92ZXJzaW9uIjoiMSJ9",
          "dependencies": [
            "data.yandex_compute_image.web",
            "yandex_vpc_network.develop",
            "yandex_vpc_security_group.example",
            "yandex_vpc_subnet.develop"
          ]
        },
        {
          "index_key": 1,
          "schema_version": 1,
          "attributes": {
            "allow_recreate": null,
            "allow_stopping_for_update": null,
            "boot_disk": [
              {
                "auto_delete": true,
                "device_name": "fhmdulh251i68cr7mebm",
                "disk_id": "fhmdulh251i68cr7mebm",
                "initialize_params": [
                  {
                    "block_size": 4096,
                    "description": "",
                    "image_id": "fd82qs98ootbak6lkmmj",
                    "name": "",
                    "size": 5,
                    "snapshot_id": "",
                    "type": "network-hdd"
                  }
                ],
                "mode": "READ_WRITE"
              }
            ],
            "created_at": "2024-02-04T19:29:18Z",
            "description": "",
            "filesystem": [],
            "folder_id": "b1gfs13q5qak7jlkueuf",
            "fqdn": "fhmc92d4gr4hrhfdcm9v.auto.internal",
            "gpu_cluster_id": "",
            "hostname": "",
            "id": "fhmc92d4gr4hrhfdcm9v",
            "labels": {},
            "local_disk": [],
            "maintenance_grace_period": "",
            "maintenance_policy": null,
            "metadata": {
              "serial-port-enable": "1",
              "ssh-keys": "ubuntu:ssh-rsa AAAAB3NzaC1yc2EAAAADAQABAAABgQCpIt0Z8AJhoxQoE3nz/+KnV7lIvO4XIhB7hWSot/Dyv919+dKTfmW95rlp29A8L6EpW3JzvrjyqxU7gtlPnK7hwRc2Q6I2QUBzaLUaxlBreLwHu1Moz7zO5erVolKI7QR6OOa22BjKHkGD1zvHywac4lztwsP4Rx1CJsuhYTiAhvxjgW2R5FgStydiL/z2kokO++cJAtg7Ip/P1S/hwUv9tHOMg0GTSfqIV7SGpsabLreAMoVFY4uy2IwVGPWS/fUCE7WZUDPUEVeLY1Q/4c2GsCycv+2eorxR0OU43aOlLqDEZg63SX6vWH4Yu3OMR/+c1WA+dcQQIMbYdK96z11MPg9KhsKjiitHIvA5Lbc5xxYi9foAVRGnclgjBzD0KhkhVNn4wFmERYbJMsb/eoUMF3o6cFL3bd7L+NEx7Q2ms5PMfFAAu5sTU6miT8XKX3bc8JkW7HZb5r9m8HMSD0GAxuyYxUf/aLEWpPTLbKEE86bHru5/ubtEvBCLPOJ9KV0= stitsyuk@vm2\n"
            },
            "metadata_options": [
              {
                "aws_v1_http_endpoint": 1,
                "aws_v1_http_token": 2,
                "gce_http_endpoint": 1,
                "gce_http_token": 1
              }
            ],
            "name": "web-2",
            "network_acceleration_type": "standard",
            "network_interface": [
              {
                "dns_record": [],
                "index": 0,
                "ip_address": "10.0.1.27",
                "ipv4": true,
                "ipv6": false,
                "ipv6_address": "",
                "ipv6_dns_record": [],
                "mac_address": "d0:0d:c4:89:a4:86",
                "nat": true,
                "nat_dns_record": [],
                "nat_ip_address": "51.250.64.139",
                "nat_ip_version": "IPV4",
                "security_group_ids": [
                  "enp40grelsma4hbiidem"
                ],
                "subnet_id": "e9b9sqjpi6nker2qnocv"
              }
            ],
            "placement_policy": [
              {
                "host_affinity_rules": [],
                "placement_group_id": "",
                "placement_group_partition": 0
              }
            ],
            "platform_id": "standard-v1",
            "resources": [
              {
                "core_fraction": 5,
                "cores": 2,
                "gpus": 0,
                "memory": 1
              }
            ],
            "scheduling_policy": [
              {
                "preemptible": true
              }
            ],
            "secondary_disk": [],
            "service_account_id": "",
            "status": "running",
            "timeouts": null,
            "zone": "ru-central1-a"
          },
          "sensitive_attributes": [],
          "private": "eyJlMmJmYjczMC1lY2FhLTExZTYtOGY4OC0zNDM2M2JjN2M0YzAiOnsiY3JlYXRlIjozMDAwMDAwMDAwMDAsImRlbGV0ZSI6MzAwMDAwMDAwMDAwLCJ1cGRhdGUiOjMwMDAwMDAwMDAwMH0sInNjaGVtYV92ZXJzaW9uIjoiMSJ9",
          "dependencies": [
            "data.yandex_compute_image.web",
            "yandex_vpc_network.develop",
            "yandex_vpc_security_group.example",
            "yandex_vpc_subnet.develop"
          ]
        }
      ]
    },
    {
      "mode": "managed",
      "type": "yandex_vpc_network",
      "name": "develop",
      "provider": "provider[\"registry.terraform.io/yandex-cloud/yandex\"]",
      "instances": [
        {
          "schema_version": 0,
          "attributes": {
            "created_at": "2024-02-04T19:29:15Z",
            "default_security_group_id": "enpdh1c7mu479j8llmkp",
            "description": "",
            "folder_id": "b1gfs13q5qak7jlkueuf",
            "id": "enpppnhpasgch4eu05r2",
            "labels": {},
            "name": "develop",
            "subnet_ids": [
              "e9b9sqjpi6nker2qnocv"
            ],
            "timeouts": null
          },
          "sensitive_attributes": [],
          "private": "eyJlMmJmYjczMC1lY2FhLTExZTYtOGY4OC0zNDM2M2JjN2M0YzAiOnsiY3JlYXRlIjo2MDAwMDAwMDAwMCwiZGVsZXRlIjo2MDAwMDAwMDAwMCwidXBkYXRlIjo2MDAwMDAwMDAwMH19"
        }
      ]
    },
    {
      "mode": "managed",
      "type": "yandex_vpc_security_group",
      "name": "example",
      "provider": "provider[\"registry.terraform.io/yandex-cloud/yandex\"]",
      "instances": [
        {
          "schema_version": 0,
          "attributes": {
            "created_at": "2024-02-04T19:29:18Z",
            "description": "",
            "egress": [
              {
                "description": "разрешить весь исходящий трафик",
                "from_port": 0,
                "id": "enpf14g6kd3lln2tthc1",
                "labels": {},
                "port": -1,
                "predefined_target": "",
                "protocol": "TCP",
                "security_group_id": "",
                "to_port": 65365,
                "v4_cidr_blocks": [
                  "0.0.0.0/0"
                ],
                "v6_cidr_blocks": []
              }
            ],
            "folder_id": "b1gfs13q5qak7jlkueuf",
            "id": "enp40grelsma4hbiidem",
            "ingress": [
              {
                "description": "разрешить входящий  http",
                "from_port": -1,
                "id": "enp6021sa1vnv0dc4fan",
                "labels": {},
                "port": 80,
                "predefined_target": "",
                "protocol": "TCP",
                "security_group_id": "",
                "to_port": -1,
                "v4_cidr_blocks": [
                  "0.0.0.0/0"
                ],
                "v6_cidr_blocks": []
              },
              {
                "description": "разрешить входящий https",
                "from_port": -1,
                "id": "enppn38miqa15moehint",
                "labels": {},
                "port": 443,
                "predefined_target": "",
                "protocol": "TCP",
                "security_group_id": "",
                "to_port": -1,
                "v4_cidr_blocks": [
                  "0.0.0.0/0"
                ],
                "v6_cidr_blocks": []
              },
              {
                "description": "разрешить входящий ssh",
                "from_port": -1,
                "id": "enpdic0pfu5gqeos8mra",
                "labels": {},
                "port": 22,
                "predefined_target": "",
                "protocol": "TCP",
                "security_group_id": "",
                "to_port": -1,
                "v4_cidr_blocks": [
                  "0.0.0.0/0"
                ],
                "v6_cidr_blocks": []
              }
            ],
            "labels": {},
            "name": "example_dynamic",
            "network_id": "enpppnhpasgch4eu05r2",
            "status": "ACTIVE",
            "timeouts": null
          },
          "sensitive_attributes": [],
          "private": "eyJlMmJmYjczMC1lY2FhLTExZTYtOGY4OC0zNDM2M2JjN2M0YzAiOnsiY3JlYXRlIjoxODAwMDAwMDAwMDAsImRlbGV0ZSI6MTgwMDAwMDAwMDAwLCJ1cGRhdGUiOjE4MDAwMDAwMDAwMH19",
          "dependencies": [
            "yandex_vpc_network.develop"
          ]
        }
      ]
    },
    {
      "mode": "managed",
      "type": "yandex_vpc_subnet",
      "name": "develop",
      "provider": "provider[\"registry.terraform.io/yandex-cloud/yandex\"]",
      "instances": [
        {
          "schema_version": 0,
          "attributes": {
            "created_at": "2024-02-04T19:29:17Z",
            "description": "",
            "dhcp_options": [],
            "folder_id": "b1gfs13q5qak7jlkueuf",
            "id": "e9b9sqjpi6nker2qnocv",
            "labels": {},
            "name": "develop",
            "network_id": "enpppnhpasgch4eu05r2",
            "route_table_id": "",
            "timeouts": null,
            "v4_cidr_blocks": [
              "10.0.1.0/24"
            ],
            "v6_cidr_blocks": [],
            "zone": "ru-central1-a"
          },
          "sensitive_attributes": [],
          "private": "eyJlMmJmYjczMC1lY2FhLTExZTYtOGY4OC0zNDM2M2JjN2M0YzAiOnsiY3JlYXRlIjoxODAwMDAwMDAwMDAsImRlbGV0ZSI6MTgwMDAwMDAwMDAwLCJ1cGRhdGUiOjE4MDAwMDAwMDAwMH19",
          "dependencies": [
            "yandex_vpc_network.develop"
          ]
        }
      ]
    }
  ],
  "check_results": null
}
